
Microsoft Visual Studio Solution File, Format Version 12.00
# Visual Studio Version 16
VisualStudioVersion = 16.0.31702.278
MinimumVisualStudioVersion = 10.0.40219.1
Project("{888888A0-9F3D-457C-B088-3A5042F75D52}") = "StarBattle", "StarBattlesRev\StarBattle.pyproj", "{F3471BCE-19CF-4ABA-8F40-6F0FEADEA026}"
EndProject
Global
	GlobalSection(SolutionConfigurationPlatforms) = preSolution
		Debug|Any CPU = Debug|Any CPU
		Release|Any CPU = Release|Any CPU
	EndGlobalSection
	GlobalSection(ProjectConfigurationPlatforms) = postSolution
		{F3471BCE-19CF-4ABA-8F40-6F0FEADEA026}.Debug|Any CPU.ActiveCfg = Debug|Any CPU
		{F3471BCE-19CF-4ABA-8F40-6F0FEADEA026}.Release|Any CPU.ActiveCfg = Release|Any CPU
	EndGlobalSection
	GlobalSection(SolutionProperties) = preSolution
		HideSolutionNode = FALSE
	EndGlobalSection
	GlobalSection(ExtensibilityGlobals) = postSolution
		SolutionGuid = {ABE939D3-70D5-4F7D-846B-744BF711FB04}
	EndGlobalSection
EndGlobal
